
Microsoft Visual Studio Solution File, Format Version 12.00
# Visual Studio 15
VisualStudioVersion = 15.0.27703.2026
MinimumVisualStudioVersion = 10.0.40219.1
Project("{FAE04EC0-301F-11D3-BF4B-00C04F79EFBC}") = "SedentryAlert", "SedentryAlert\SedentryAlert.csproj", "{765CD4E7-BD19-497D-8984-18600BBEB8CF}"
EndProject
Global
	GlobalSection(SolutionConfigurationPlatforms) = preSolution
		Debug|Any CPU = Debug|Any CPU
		Release|Any CPU = Release|Any CPU
	EndGlobalSection
	GlobalSection(ProjectConfigurationPlatforms) = postSolution
		{765CD4E7-BD19-497D-8984-18600BBEB8CF}.Debug|Any CPU.ActiveCfg = Debug|Any CPU
		{765CD4E7-BD19-497D-8984-18600BBEB8CF}.Debug|Any CPU.Build.0 = Debug|Any CPU
		{765CD4E7-BD19-497D-8984-18600BBEB8CF}.Release|Any CPU.ActiveCfg = Release|Any CPU
		{765CD4E7-BD19-497D-8984-18600BBEB8CF}.Release|Any CPU.Build.0 = Release|Any CPU
	EndGlobalSection
	GlobalSection(SolutionProperties) = preSolution
		HideSolutionNode = FALSE
	EndGlobalSection
	GlobalSection(ExtensibilityGlobals) = postSolution
		SolutionGuid = {84027B68-B92E-4419-967F-06FBB20693A0}
	EndGlobalSection
EndGlobal
